// !$*UTF8*$!
{
	archiveVersion = 1;
	classes = {
	};
	objectVersion = 50;
	objects = {

/* Begin PBXBuildFile section */
		8A0A43F522229909001AC4B1 /* QuickSort.swift in Sources */ = {isa = PBXBuildFile; fileRef = 8A0A43F422229909001AC4B1 /* QuickSort.swift */; };
		8A1E11A321FA0AB800A9739F /* Sort.swift in Sources */ = {isa = PBXBuildFile; fileRef = 8A1E11A221FA0AB800A9739F /* Sort.swift */; };
		8A2834C521DA300B00600A00 /* TreeNode.swift in Sources */ = {isa = PBXBuildFile; fileRef = 8A2834C421DA300A00600A00 /* TreeNode.swift */; };
		8A5BC5BD21BD1280005B63DD /* Stack.swift in Sources */ = {isa = PBXBuildFile; fileRef = 8A5BC5BC21BD1280005B63DD /* Stack.swift */; };
		8A649B2A219B2DE800750EBC /* AppDelegate.swift in Sources */ = {isa = PBXBuildFile; fileRef = 8A649B29219B2DE800750EBC /* AppDelegate.swift */; };
		8A649B2C219B2DE800750EBC /* ViewController.swift in Sources */ = {isa = PBXBuildFile; fileRef = 8A649B2B219B2DE800750EBC /* ViewController.swift */; };
		8A649B2F219B2DE800750EBC /* Main.storyboard in Resources */ = {isa = PBXBuildFile; fileRef = 8A649B2D219B2DE800750EBC /* Main.storyboard */; };
		8A649B31219B2DEB00750EBC /* Assets.xcassets in Resources */ = {isa = PBXBuildFile; fileRef = 8A649B30219B2DEB00750EBC /* Assets.xcassets */; };
		8A649B34219B2DEB00750EBC /* LaunchScreen.storyboard in Resources */ = {isa = PBXBuildFile; fileRef = 8A649B32219B2DEB00750EBC /* LaunchScreen.storyboard */; };
		8A649B3C219B2E2200750EBC /* List.swift in Sources */ = {isa = PBXBuildFile; fileRef = 8A649B3B219B2E2200750EBC /* List.swift */; };
/* End PBXBuildFile section */

/* Begin PBXFileReference section */
		8A0A43F422229909001AC4B1 /* QuickSort.swift */ = {isa = PBXFileReference; lastKnownFileType = sourcecode.swift; path = QuickSort.swift; sourceTree = "<group>"; };
		8A1E11A221FA0AB800A9739F /* Sort.swift */ = {isa = PBXFileReference; lastKnownFileType = sourcecode.swift; path = Sort.swift; sourceTree = "<group>"; };
		8A2834C421DA300A00600A00 /* TreeNode.swift */ = {isa = PBXFileReference; lastKnownFileType = sourcecode.swift; path = TreeNode.swift; sourceTree = "<group>"; };
		8A5BC5BC21BD1280005B63DD /* Stack.swift */ = {isa = PBXFileReference; lastKnownFileType = sourcecode.swift; path = Stack.swift; sourceTree = "<group>"; };
		8A649B26219B2DE800750EBC /* Algorithm.app */ = {isa = PBXFileReference; explicitFileType = wrapper.application; includeInIndex = 0; path = Algorithm.app; sourceTree = BUILT_PRODUCTS_DIR; };
		8A649B29219B2DE800750EBC /* AppDelegate.swift */ = {isa = PBXFileReference; lastKnownFileType = sourcecode.swift; path = AppDelegate.swift; sourceTree = "<group>"; };
		8A649B2B219B2DE800750EBC /* ViewController.swift */ = {isa = PBXFileReference; lastKnownFileType = sourcecode.swift; path = ViewController.swift; sourceTree = "<group>"; };
		8A649B2E219B2DE800750EBC /* Base */ = {isa = PBXFileReference; lastKnownFileType = file.storyboard; name = Base; path = Base.lproj/Main.storyboard; sourceTree = "<group>"; };
		8A649B30219B2DEB00750EBC /* Assets.xcassets */ = {isa = PBXFileReference; lastKnownFileType = folder.assetcatalog; path = Assets.xcassets; sourceTree = "<group>"; };
		8A649B33219B2DEB00750EBC /* Base */ = {isa = PBXFileReference; lastKnownFileType = file.storyboard; name = Base; path = Base.lproj/LaunchScreen.storyboard; sourceTree = "<group>"; };
		8A649B35219B2DEB00750EBC /* Info.plist */ = {isa = PBXFileReference; lastKnownFileType = text.plist.xml; path = Info.plist; sourceTree = "<group>"; };
		8A649B3B219B2E2200750EBC /* List.swift */ = {isa = PBXFileReference; lastKnownFileType = sourcecode.swift; path = List.swift; sourceTree = "<group>"; };
/* End PBXFileReference section */

/* Begin PBXFrameworksBuildPhase section */
		8A649B23219B2DE800750EBC /* Frameworks */ = {
			isa = PBXFrameworksBuildPhase;
			buildActionMask = 2147483647;
			files = (
			);
			runOnlyForDeploymentPostprocessing = 0;
		};
/* End PBXFrameworksBuildPhase section */

/* Begin PBXGroup section */
		8A649B1D219B2DE800750EBC = {
			isa = PBXGroup;
			children = (
				8A649B28219B2DE800750EBC /* Algorithm */,
				8A649B27219B2DE800750EBC /* Products */,
			);
			sourceTree = "<group>";
		};
		8A649B27219B2DE800750EBC /* Products */ = {
			isa = PBXGroup;
			children = (
				8A649B26219B2DE800750EBC /* Algorithm.app */,
			);
			name = Products;
			sourceTree = "<group>";
		};
		8A649B28219B2DE800750EBC /* Algorithm */ = {
			isa = PBXGroup;
			children = (
				8A649B29219B2DE800750EBC /* AppDelegate.swift */,
				8A649B2B219B2DE800750EBC /* ViewController.swift */,
				8A649B3B219B2E2200750EBC /* List.swift */,
				8A5BC5BC21BD1280005B63DD /* Stack.swift */,
				8A2834C421DA300A00600A00 /* TreeNode.swift */,
				8A1E11A221FA0AB800A9739F /* Sort.swift */,
				8A0A43F422229909001AC4B1 /* QuickSort.swift */,
				8A649B2D219B2DE800750EBC /* Main.storyboard */,
				8A649B30219B2DEB00750EBC /* Assets.xcassets */,
				8A649B32219B2DEB00750EBC /* LaunchScreen.storyboard */,
				8A649B35219B2DEB00750EBC /* Info.plist */,
			);
			path = Algorithm;
			sourceTree = "<group>";
		};
/* End PBXGroup section */

/* Begin PBXNativeTarget section */
		8A649B25219B2DE800750EBC /* Algorithm */ = {
			isa = PBXNativeTarget;
			buildConfigurationList = 8A649B38219B2DEB00750EBC /* Build configuration list for PBXNativeTarget "Algorithm" */;
			buildPhases = (
				8A649B22219B2DE800750EBC /* Sources */,
				8A649B23219B2DE800750EBC /* Frameworks */,
				8A649B24219B2DE800750EBC /* Resources */,
			);
			buildRules = (
			);
			dependencies = (
			);
			name = Algorithm;
			productName = Algorithm;
			productReference = 8A649B26219B2DE800750EBC /* Algorithm.app */;
			productType = "com.apple.product-type.application";
		};
/* End PBXNativeTarget section */

/* Begin PBXProject section */
		8A649B1E219B2DE800750EBC /* Project object */ = {
			isa = PBXProject;
			attributes = {
				LastSwiftUpdateCheck = 1010;
				LastUpgradeCheck = 1010;
				ORGANIZATIONNAME = "great Lock";
				TargetAttributes = {
					8A649B25219B2DE800750EBC = {
						CreatedOnToolsVersion = 10.1;
					};
				};
			};
			buildConfigurationList = 8A649B21219B2DE800750EBC /* Build configuration list for PBXProject "Algorithm" */;
			compatibilityVersion = "Xcode 9.3";
			developmentRegion = en;
			hasScannedForEncodings = 0;
			knownRegions = (
				en,
				Base,
			);
			mainGroup = 8A649B1D219B2DE800750EBC;
			productRefGroup = 8A649B27219B2DE800750EBC /* Products */;
			projectDirPath = "";
			projectRoot = "";
			targets = (
				8A649B25219B2DE800750EBC /* Algorithm */,
			);
		};
/* End PBXProject section */

/* Begin PBXResourcesBuildPhase section */
		8A649B24219B2DE800750EBC /* Resources */ = {
			isa = PBXResourcesBuildPhase;
			buildActionMask = 2147483647;
			files = (
				8A649B34219B2DEB00750EBC /* LaunchScreen.storyboard in Resources */,
				8A649B31219B2DEB00750EBC /* Assets.xcassets in Resources */,
				8A649B2F219B2DE800750EBC /* Main.storyboard in Resources */,
			);
			runOnlyForDeploymentPostprocessing = 0;
		};
/* End PBXResourcesBuildPhase section */

/* Begin PBXSourcesBuildPhase section */
		8A649B22219B2DE800750EBC /* Sources */ = {
			isa = PBXSourcesBuildPhase;
			buildActionMask = 2147483647;
			files = (
				8A5BC5BD21BD1280005B63DD /* Stack.swift in Sources */,
				8A649B2C219B2DE800750EBC /* ViewController.swift in Sources */,
				8A0A43F522229909001AC4B1 /* QuickSort.swift in Sources */,
				8A649B2A219B2DE800750EBC /* AppDelegate.swift in Sources */,
				8A2834C521DA300B00600A00 /* TreeNode.swift in Sources */,
				8A649B3C219B2E2200750EBC /* List.swift in Sources */,
				8A1E11A321FA0AB800A9739F /* Sort.swift in Sources */,
			);
			runOnlyForDeploymentPostprocessing = 0;
		};
/* End PBXSourcesBuildPhase section */

/* Begin PBXVariantGroup section */
		8A649B2D219B2DE800750EBC /* Main.storyboard */ = {
			isa = PBXVariantGroup;
			children = (
				8A649B2E219B2DE800750EBC /* Base */,
			);
			name = Main.storyboard;
			sourceTree = "<group>";
		};
		8A649B32219B2DEB00750EBC /* LaunchScreen.storyboard */ = {
			isa = PBXVariantGroup;
			children = (
				8A649B33219B2DEB00750EBC /* Base */,
			);
			name = LaunchScreen.storyboard;
			sourceTree = "<group>";
		};
/* End PBXVariantGroup section */

/* Begin XCBuildConfiguration section */
		8A649B36219B2DEB00750EBC /* Debug */ = {
			isa = XCBuildConfiguration;
			buildSettings = {
				ALWAYS_SEARCH_USER_PATHS = NO;
				CLANG_ANALYZER_NONNULL = YES;
				CLANG_ANALYZER_NUMBER_OBJECT_CONVERSION = YES_AGGRESSIVE;
				CLANG_CXX_LANGUAGE_STANDARD = "gnu++14";
				CLANG_CXX_LIBRARY = "libc++";
				CLANG_ENABLE_MODULES = YES;
				CLANG_ENABLE_OBJC_ARC = YES;
				CLANG_ENABLE_OBJC_WEAK = YES;
				CLANG_WARN_BLOCK_CAPTURE_AUTORELEASING = YES;
				CLANG_WARN_BOOL_CONVERSION = YES;
				CLANG_WARN_COMMA = YES;
				CLANG_WARN_CONSTANT_CONVERSION = YES;
				CLANG_WARN_DEPRECATED_OBJC_IMPLEMENTATIONS = YES;
				CLANG_WARN_DIRECT_OBJC_ISA_USAGE = YES_ERROR;
				CLANG_WARN_DOCUMENTATION_COMMENTS = YES;
				CLANG_WARN_EMPTY_BODY = YES;
				CLANG_WARN_ENUM_CONVERSION = YES;
				CLANG_WARN_INFINITE_RECURSION = YES;
				CLANG_WARN_INT_CONVERSION = YES;
				CLANG_WARN_NON_LITERAL_NULL_CONVERSION = YES;
				CLANG_WARN_OBJC_IMPLICIT_RETAIN_SELF = YES;
				CLANG_WARN_OBJC_LITERAL_CONVERSION = YES;
				CLANG_WARN_OBJC_ROOT_CLASS = YES_ERROR;
				CLANG_WARN_RANGE_LOOP_ANALYSIS = YES;
				CLANG_WARN_STRICT_PROTOTYPES = YES;
				CLANG_WARN_SUSPICIOUS_MOVE = YES;
				CLANG_WARN_UNGUARDED_AVAILABILITY = YES_AGGRESSIVE;
				CLANG_WARN_UNREACHABLE_CODE = YES;
				CLANG_WARN__DUPLICATE_METHOD_MATCH = YES;
				CODE_SIGN_IDENTITY = "iPhone Developer";
				COPY_PHASE_STRIP = NO;
				DEBUG_INFORMATION_FORMAT = dwarf;
				ENABLE_STRICT_OBJC_MSGSEND = YES;
				ENABLE_TESTABILITY = YES;
				GCC_C_LANGUAGE_STANDARD = gnu11;
				GCC_DYNAMIC_NO_PIC = NO;
				GCC_NO_COMMON_BLOCKS = YES;
				GCC_OPTIMIZATION_LEVEL = 0;
				GCC_PREPROCESSOR_DEFINITIONS = (
					"DEBUG=1",
					"$(inherited)",
				);
				GCC_WARN_64_TO_32_BIT_CONVERSION = YES;
				GCC_WARN_ABOUT_RETURN_TYPE = YES_ERROR;
				GCC_WARN_UNDECLARED_SELECTOR = YES;
				GCC_WARN_UNINITIALIZED_AUTOS = YES_AGGRESSIVE;
				GCC_WARN_UNUSED_FUNCTION = YES;
				GCC_WARN_UNUSED_VARIABLE = YES;
				IPHONEOS_DEPLOYMENT_TARGET = 12.1;
				MTL_ENABLE_DEBUG_INFO = INCLUDE_SOURCE;
				MTL_FAST_MATH = YES;
				ONLY_ACTIVE_ARCH = YES;
				SDKROOT = iphoneos;
				SWIFT_ACTIVE_COMPILATION_CONDITIONS = DEBUG;
				SWIFT_OPTIMIZATION_LEVEL = "-Onone";
			};
			name = Debug;
		};
		8A649B37219B2DEB00750EBC /* Release */ = {
			isa = XCBuildConfiguration;
			buildSettings = {
				ALWAYS_SEARCH_USER_PATHS = NO;
				CLANG_ANALYZER_NONNULL = YES;
				CLANG_ANALYZER_NUMBER_OBJECT_CONVERSION = YES_AGGRESSIVE;
				CLANG_CXX_LANGUAGE_STANDARD = "gnu++14";
				CLANG_CXX_LIBRARY = "libc++";
				CLANG_ENABLE_MODULES = YES;
				CLANG_ENABLE_OBJC_ARC = YES;
				CLANG_ENABLE_OBJC_WEAK = YES;
				CLANG_WARN_BLOCK_CAPTURE_AUTORELEASING = YES;
				CLANG_WARN_BOOL_CONVERSION = YES;
				CLANG_WARN_COMMA = YES;
				CLANG_WARN_CONSTANT_CONVERSION = YES;
				CLANG_WARN_DEPRECATED_OBJC_IMPLEMENTATIONS = YES;
				CLANG_WARN_DIRECT_OBJC_ISA_USAGE = YES_ERROR;
				CLANG_WARN_DOCUMENTATION_COMMENTS = YES;
				CLANG_WARN_EMPTY_BODY = YES;
				CLANG_WARN_ENUM_CONVERSION = YES;
				CLANG_WARN_INFINITE_RECURSION = YES;
				CLANG_WARN_INT_CONVERSION = YES;
				CLANG_WARN_NON_LITERAL_NULL_CONVERSION = YES;
				CLANG_WARN_OBJC_IMPLICIT_RETAIN_SELF = YES;
				CLANG_WARN_OBJC_LITERAL_CONVERSION = YES;
				CLANG_WARN_OBJC_ROOT_CLASS = YES_ERROR;
				CLANG_WARN_RANGE_LOOP_ANALYSIS = YES;
				CLANG_WARN_STRICT_PROTOTYPES = YES;
				CLANG_WARN_SUSPICIOUS_MOVE = YES;
				CLANG_WARN_UNGUARDED_AVAILABILITY = YES_AGGRESSIVE;
				CLANG_WARN_UNREACHABLE_CODE = YES;
				CLANG_WARN__DUPLICATE_METHOD_MATCH = YES;
				CODE_SIGN_IDENTITY = "iPhone Developer";
				COPY_PHASE_STRIP = NO;
				DEBUG_INFORMATION_FORMAT = "dwarf-with-dsym";
				ENABLE_NS_ASSERTIONS = NO;
				ENABLE_STRICT_OBJC_MSGSEND = YES;
				GCC_C_LANGUAGE_STANDARD = gnu11;
				GCC_NO_COMMON_BLOCKS = YES;
				GCC_WARN_64_TO_32_BIT_CONVERSION = YES;
				GCC_WARN_ABOUT_RETURN_TYPE = YES_ERROR;
				GCC_WARN_UNDECLARED_SELECTOR = YES;
				GCC_WARN_UNINITIALIZED_AUTOS = YES_AGGRESSIVE;
				GCC_WARN_UNUSED_FUNCTION = YES;
				GCC_WARN_UNUSED_VARIABLE = YES;
				IPHONEOS_DEPLOYMENT_TARGET = 12.1;
				MTL_ENABLE_DEBUG_INFO = NO;
				MTL_FAST_MATH = YES;
				SDKROOT = iphoneos;
				SWIFT_COMPILATION_MODE = wholemodule;
				SWIFT_OPTIMIZATION_LEVEL = "-O";
				VALIDATE_PRODUCT = YES;
			};
			name = Release;
		};
		8A649B39219B2DEB00750EBC /* Debug */ = {
			isa = XCBuildConfiguration;
			buildSettings = {
				ASSETCATALOG_COMPILER_APPICON_NAME = AppIcon;
				CODE_SIGN_STYLE = Automatic;
				INFOPLIST_FILE = Algorithm/Info.plist;
				LD_RUNPATH_SEARCH_PATHS = (
					"$(inherited)",
					"@executable_path/Frameworks",
				);
				PRODUCT_BUNDLE_IDENTIFIER = WS.Algorithm;
				PRODUCT_NAME = "$(TARGET_NAME)";
				SWIFT_VERSION = 4.2;
				TARGETED_DEVICE_FAMILY = "1,2";
			};
			name = Debug;
		};
		8A649B3A219B2DEB00750EBC /* Release */ = {
			isa = XCBuildConfiguration;
			buildSettings = {
				ASSETCATALOG_COMPILER_APPICON_NAME = AppIcon;
				CODE_SIGN_STYLE = Automatic;
				INFOPLIST_FILE = Algorithm/Info.plist;
				LD_RUNPATH_SEARCH_PATHS = (
					"$(inherited)",
					"@executable_path/Frameworks",
				);
				PRODUCT_BUNDLE_IDENTIFIER = WS.Algorithm;
				PRODUCT_NAME = "$(TARGET_NAME)";
				SWIFT_VERSION = 4.2;
				TARGETED_DEVICE_FAMILY = "1,2";
			};
			name = Release;
		};
/* End XCBuildConfiguration section */

/* Begin XCConfigurationList section */
		8A649B21219B2DE800750EBC /* Build configuration list for PBXProject "Algorithm" */ = {
			isa = XCConfigurationList;
			buildConfigurations = (
				8A649B36219B2DEB00750EBC /* Debug */,
				8A649B37219B2DEB00750EBC /* Release */,
			);
			defaultConfigurationIsVisible = 0;
			defaultConfigurationName = Release;
		};
		8A649B38219B2DEB00750EBC /* Build configuration list for PBXNativeTarget "Algorithm" */ = {
			isa = XCConfigurationList;
			buildConfigurations = (
				8A649B39219B2DEB00750EBC /* Debug */,
				8A649B3A219B2DEB00750EBC /* Release */,
			);
			defaultConfigurationIsVisible = 0;
			defaultConfigurationName = Release;
		};
/* End XCConfigurationList section */
	};
	rootObject = 8A649B1E219B2DE800750EBC /* Project object */;
}
